// !$*UTF8*$!
{
	archiveVersion = 1;
	classes = {
	};
	objectVersion = 56;
	objects = {

/* Begin PBXBuildFile section */
		4C45DC872A788CA8007FCE18 /* GoldfishrUI.swift in Sources */ = {isa = PBXBuildFile; fileRef = 4C45DC862A788CA8007FCE18 /* GoldfishrUI.swift */; };
		4C45DC8A2A788CFE007FCE18 /* ArticleBookmarkViewModel.swift in Sources */ = {isa = PBXBuildFile; fileRef = 4C45DC892A788CFE007FCE18 /* ArticleBookmarkViewModel.swift */; };
		4C45DC8C2A788D15007FCE18 /* ArticleSearchViewModel.swift in Sources */ = {isa = PBXBuildFile; fileRef = 4C45DC8B2A788D15007FCE18 /* ArticleSearchViewModel.swift */; };
		4C45DC8E2A788D2D007FCE18 /* ArticleNewsViewModel.swift in Sources */ = {isa = PBXBuildFile; fileRef = 4C45DC8D2A788D2D007FCE18 /* ArticleNewsViewModel.swift */; };
		4C45DC912A788D57007FCE18 /* NewsAPI.swift in Sources */ = {isa = PBXBuildFile; fileRef = 4C45DC902A788D57007FCE18 /* NewsAPI.swift */; };
		4C45DC942A788D75007FCE18 /* ArticleRowView.swift in Sources */ = {isa = PBXBuildFile; fileRef = 4C45DC932A788D75007FCE18 /* ArticleRowView.swift */; };
		4C45DC962A788D90007FCE18 /* ArticleListView.swift in Sources */ = {isa = PBXBuildFile; fileRef = 4C45DC952A788D90007FCE18 /* ArticleListView.swift */; };
		4C45DC982A788DA4007FCE18 /* SafariView.swift in Sources */ = {isa = PBXBuildFile; fileRef = 4C45DC972A788DA4007FCE18 /* SafariView.swift */; };
		4C45DC9A2A788DBA007FCE18 /* NewsTabView.swift in Sources */ = {isa = PBXBuildFile; fileRef = 4C45DC992A788DBA007FCE18 /* NewsTabView.swift */; };
		4C45DC9C2A788DD1007FCE18 /* EmptyPlaceHolderView.swift in Sources */ = {isa = PBXBuildFile; fileRef = 4C45DC9B2A788DD1007FCE18 /* EmptyPlaceHolderView.swift */; };
		4C45DC9E2A788DE5007FCE18 /* RetryView.swift in Sources */ = {isa = PBXBuildFile; fileRef = 4C45DC9D2A788DE5007FCE18 /* RetryView.swift */; };
		4C45DCA02A788DFA007FCE18 /* BookmarkTabView.swift in Sources */ = {isa = PBXBuildFile; fileRef = 4C45DC9F2A788DFA007FCE18 /* BookmarkTabView.swift */; };
		4C45DCA22A788E10007FCE18 /* SearchTabView.swift in Sources */ = {isa = PBXBuildFile; fileRef = 4C45DCA12A788E10007FCE18 /* SearchTabView.swift */; };
		4C45DCA42A788E2C007FCE18 /* SearchHistoryListView.swift in Sources */ = {isa = PBXBuildFile; fileRef = 4C45DCA32A788E2C007FCE18 /* SearchHistoryListView.swift */; };
		4C45DCA72A788E58007FCE18 /* Article.swift in Sources */ = {isa = PBXBuildFile; fileRef = 4C45DCA62A788E58007FCE18 /* Article.swift */; };
		4C45DCA92A788E6E007FCE18 /* NewsAPIResponse.swift in Sources */ = {isa = PBXBuildFile; fileRef = 4C45DCA82A788E6E007FCE18 /* NewsAPIResponse.swift */; };
		4C45DCAB2A788E81007FCE18 /* Category.swift in Sources */ = {isa = PBXBuildFile; fileRef = 4C45DCAA2A788E81007FCE18 /* Category.swift */; };
		4C45DCAD2A788E97007FCE18 /* DataStore.swift in Sources */ = {isa = PBXBuildFile; fileRef = 4C45DCAC2A788E97007FCE18 /* DataStore.swift */; };
		4C45DCAF2A788F6E007FCE18 /* ContentView.swift in Sources */ = {isa = PBXBuildFile; fileRef = 4C45DCAE2A788F6E007FCE18 /* ContentView.swift */; };
		4C45DCB22A789273007FCE18 /* Preview Assets.xcassets in Resources */ = {isa = PBXBuildFile; fileRef = 4C45DCB12A789273007FCE18 /* Preview Assets.xcassets */; };
		4CEA21C529AFF15900BB525A /* Assets.xcassets in Resources */ = {isa = PBXBuildFile; fileRef = 4CEA21C429AFF15900BB525A /* Assets.xcassets */; };
		4CEA21D329AFF15900BB525A /* goldfishr_uiTests.swift in Sources */ = {isa = PBXBuildFile; fileRef = 4CEA21D229AFF15900BB525A /* goldfishr_uiTests.swift */; };
		4CEA21DD29AFF15900BB525A /* goldfishr_uiUITests.swift in Sources */ = {isa = PBXBuildFile; fileRef = 4CEA21DC29AFF15900BB525A /* goldfishr_uiUITests.swift */; };
		4CEA21DF29AFF15900BB525A /* goldfishr_uiUITestsLaunchTests.swift in Sources */ = {isa = PBXBuildFile; fileRef = 4CEA21DE29AFF15900BB525A /* goldfishr_uiUITestsLaunchTests.swift */; };
/* End PBXBuildFile section */

/* Begin PBXContainerItemProxy section */
		4CEA21CF29AFF15900BB525A /* PBXContainerItemProxy */ = {
			isa = PBXContainerItemProxy;
			containerPortal = 4CEA21B029AFF15700BB525A /* Project object */;
			proxyType = 1;
			remoteGlobalIDString = 4CEA21B729AFF15700BB525A;
			remoteInfo = "goldfishr-ui";
		};
		4CEA21D929AFF15900BB525A /* PBXContainerItemProxy */ = {
			isa = PBXContainerItemProxy;
			containerPortal = 4CEA21B029AFF15700BB525A /* Project object */;
			proxyType = 1;
			remoteGlobalIDString = 4CEA21B729AFF15700BB525A;
			remoteInfo = "goldfishr-ui";
		};
/* End PBXContainerItemProxy section */

/* Begin PBXFileReference section */
		4C45DC862A788CA8007FCE18 /* GoldfishrUI.swift */ = {isa = PBXFileReference; lastKnownFileType = sourcecode.swift; path = GoldfishrUI.swift; sourceTree = "<group>"; };
		4C45DC892A788CFE007FCE18 /* ArticleBookmarkViewModel.swift */ = {isa = PBXFileReference; lastKnownFileType = sourcecode.swift; path = ArticleBookmarkViewModel.swift; sourceTree = "<group>"; };
		4C45DC8B2A788D15007FCE18 /* ArticleSearchViewModel.swift */ = {isa = PBXFileReference; lastKnownFileType = sourcecode.swift; path = ArticleSearchViewModel.swift; sourceTree = "<group>"; };
		4C45DC8D2A788D2D007FCE18 /* ArticleNewsViewModel.swift */ = {isa = PBXFileReference; lastKnownFileType = sourcecode.swift; path = ArticleNewsViewModel.swift; sourceTree = "<group>"; };
		4C45DC902A788D57007FCE18 /* NewsAPI.swift */ = {isa = PBXFileReference; lastKnownFileType = sourcecode.swift; path = NewsAPI.swift; sourceTree = "<group>"; };
		4C45DC932A788D75007FCE18 /* ArticleRowView.swift */ = {isa = PBXFileReference; lastKnownFileType = sourcecode.swift; path = ArticleRowView.swift; sourceTree = "<group>"; };
		4C45DC952A788D90007FCE18 /* ArticleListView.swift */ = {isa = PBXFileReference; lastKnownFileType = sourcecode.swift; path = ArticleListView.swift; sourceTree = "<group>"; };
		4C45DC972A788DA4007FCE18 /* SafariView.swift */ = {isa = PBXFileReference; lastKnownFileType = sourcecode.swift; path = SafariView.swift; sourceTree = "<group>"; };
		4C45DC992A788DBA007FCE18 /* NewsTabView.swift */ = {isa = PBXFileReference; lastKnownFileType = sourcecode.swift; path = NewsTabView.swift; sourceTree = "<group>"; };
		4C45DC9B2A788DD1007FCE18 /* EmptyPlaceHolderView.swift */ = {isa = PBXFileReference; lastKnownFileType = sourcecode.swift; path = EmptyPlaceHolderView.swift; sourceTree = "<group>"; };
		4C45DC9D2A788DE5007FCE18 /* RetryView.swift */ = {isa = PBXFileReference; lastKnownFileType = sourcecode.swift; path = RetryView.swift; sourceTree = "<group>"; };
		4C45DC9F2A788DFA007FCE18 /* BookmarkTabView.swift */ = {isa = PBXFileReference; lastKnownFileType = sourcecode.swift; path = BookmarkTabView.swift; sourceTree = "<group>"; };
		4C45DCA12A788E10007FCE18 /* SearchTabView.swift */ = {isa = PBXFileReference; lastKnownFileType = sourcecode.swift; path = SearchTabView.swift; sourceTree = "<group>"; };
		4C45DCA32A788E2C007FCE18 /* SearchHistoryListView.swift */ = {isa = PBXFileReference; lastKnownFileType = sourcecode.swift; path = SearchHistoryListView.swift; sourceTree = "<group>"; };
		4C45DCA62A788E58007FCE18 /* Article.swift */ = {isa = PBXFileReference; lastKnownFileType = sourcecode.swift; path = Article.swift; sourceTree = "<group>"; };
		4C45DCA82A788E6E007FCE18 /* NewsAPIResponse.swift */ = {isa = PBXFileReference; lastKnownFileType = sourcecode.swift; path = NewsAPIResponse.swift; sourceTree = "<group>"; };
		4C45DCAA2A788E81007FCE18 /* Category.swift */ = {isa = PBXFileReference; lastKnownFileType = sourcecode.swift; path = Category.swift; sourceTree = "<group>"; };
		4C45DCAC2A788E97007FCE18 /* DataStore.swift */ = {isa = PBXFileReference; lastKnownFileType = sourcecode.swift; path = DataStore.swift; sourceTree = "<group>"; };
		4C45DCAE2A788F6E007FCE18 /* ContentView.swift */ = {isa = PBXFileReference; lastKnownFileType = sourcecode.swift; path = ContentView.swift; sourceTree = "<group>"; };
		4C45DCB12A789273007FCE18 /* Preview Assets.xcassets */ = {isa = PBXFileReference; lastKnownFileType = folder.assetcatalog; path = "Preview Assets.xcassets"; sourceTree = "<group>"; };
		4CEA21B829AFF15700BB525A /* goldfishr-ui.app */ = {isa = PBXFileReference; explicitFileType = wrapper.application; includeInIndex = 0; path = "goldfishr-ui.app"; sourceTree = BUILT_PRODUCTS_DIR; };
		4CEA21C429AFF15900BB525A /* Assets.xcassets */ = {isa = PBXFileReference; lastKnownFileType = folder.assetcatalog; path = Assets.xcassets; sourceTree = "<group>"; };
		4CEA21C929AFF15900BB525A /* Info.plist */ = {isa = PBXFileReference; lastKnownFileType = text.plist.xml; path = Info.plist; sourceTree = "<group>"; };
		4CEA21CE29AFF15900BB525A /* goldfishr-uiTests.xctest */ = {isa = PBXFileReference; explicitFileType = wrapper.cfbundle; includeInIndex = 0; path = "goldfishr-uiTests.xctest"; sourceTree = BUILT_PRODUCTS_DIR; };
		4CEA21D229AFF15900BB525A /* goldfishr_uiTests.swift */ = {isa = PBXFileReference; lastKnownFileType = sourcecode.swift; path = goldfishr_uiTests.swift; sourceTree = "<group>"; };
		4CEA21D829AFF15900BB525A /* goldfishr-uiUITests.xctest */ = {isa = PBXFileReference; explicitFileType = wrapper.cfbundle; includeInIndex = 0; path = "goldfishr-uiUITests.xctest"; sourceTree = BUILT_PRODUCTS_DIR; };
		4CEA21DC29AFF15900BB525A /* goldfishr_uiUITests.swift */ = {isa = PBXFileReference; lastKnownFileType = sourcecode.swift; path = goldfishr_uiUITests.swift; sourceTree = "<group>"; };
		4CEA21DE29AFF15900BB525A /* goldfishr_uiUITestsLaunchTests.swift */ = {isa = PBXFileReference; lastKnownFileType = sourcecode.swift; path = goldfishr_uiUITestsLaunchTests.swift; sourceTree = "<group>"; };
/* End PBXFileReference section */

/* Begin PBXFrameworksBuildPhase section */
		4CEA21B529AFF15700BB525A /* Frameworks */ = {
			isa = PBXFrameworksBuildPhase;
			buildActionMask = 2147483647;
			files = (
			);
			runOnlyForDeploymentPostprocessing = 0;
		};
		4CEA21CB29AFF15900BB525A /* Frameworks */ = {
			isa = PBXFrameworksBuildPhase;
			buildActionMask = 2147483647;
			files = (
			);
			runOnlyForDeploymentPostprocessing = 0;
		};
		4CEA21D529AFF15900BB525A /* Frameworks */ = {
			isa = PBXFrameworksBuildPhase;
			buildActionMask = 2147483647;
			files = (
			);
			runOnlyForDeploymentPostprocessing = 0;
		};
/* End PBXFrameworksBuildPhase section */

/* Begin PBXGroup section */
		4C45DC882A788CD9007FCE18 /* ViewModel */ = {
			isa = PBXGroup;
			children = (
				4C45DC892A788CFE007FCE18 /* ArticleBookmarkViewModel.swift */,
				4C45DC8B2A788D15007FCE18 /* ArticleSearchViewModel.swift */,
				4C45DC8D2A788D2D007FCE18 /* ArticleNewsViewModel.swift */,
			);
			path = ViewModel;
			sourceTree = "<group>";
		};
		4C45DC8F2A788D40007FCE18 /* API */ = {
			isa = PBXGroup;
			children = (
				4C45DC902A788D57007FCE18 /* NewsAPI.swift */,
			);
			path = API;
			sourceTree = "<group>";
		};
		4C45DC922A788D68007FCE18 /* Views */ = {
			isa = PBXGroup;
			children = (
				4C45DC932A788D75007FCE18 /* ArticleRowView.swift */,
				4C45DC952A788D90007FCE18 /* ArticleListView.swift */,
				4C45DC972A788DA4007FCE18 /* SafariView.swift */,
				4C45DC992A788DBA007FCE18 /* NewsTabView.swift */,
				4C45DC9B2A788DD1007FCE18 /* EmptyPlaceHolderView.swift */,
				4C45DC9D2A788DE5007FCE18 /* RetryView.swift */,
				4C45DC9F2A788DFA007FCE18 /* BookmarkTabView.swift */,
				4C45DCA12A788E10007FCE18 /* SearchTabView.swift */,
				4C45DCA32A788E2C007FCE18 /* SearchHistoryListView.swift */,
			);
			path = Views;
			sourceTree = "<group>";
		};
		4C45DCA52A788E49007FCE18 /* Models */ = {
			isa = PBXGroup;
			children = (
				4C45DCA62A788E58007FCE18 /* Article.swift */,
				4C45DCA82A788E6E007FCE18 /* NewsAPIResponse.swift */,
				4C45DCAA2A788E81007FCE18 /* Category.swift */,
				4C45DCAC2A788E97007FCE18 /* DataStore.swift */,
			);
			path = Models;
			sourceTree = "<group>";
		};
		4C45DCB02A78924B007FCE18 /* Preview Content */ = {
			isa = PBXGroup;
			children = (
				4C45DCB12A789273007FCE18 /* Preview Assets.xcassets */,
			);
			path = "Preview Content";
			sourceTree = "<group>";
		};
		4CEA21AF29AFF15700BB525A = {
			isa = PBXGroup;
			children = (
				4CEA21BA29AFF15700BB525A /* goldfishr-ui */,
				4CEA21D129AFF15900BB525A /* goldfishr-uiTests */,
				4CEA21DB29AFF15900BB525A /* goldfishr-uiUITests */,
				4C45DCB02A78924B007FCE18 /* Preview Content */,
				4CEA21B929AFF15700BB525A /* Products */,
			);
			sourceTree = "<group>";
		};
		4CEA21B929AFF15700BB525A /* Products */ = {
			isa = PBXGroup;
			children = (
				4CEA21B829AFF15700BB525A /* goldfishr-ui.app */,
				4CEA21CE29AFF15900BB525A /* goldfishr-uiTests.xctest */,
				4CEA21D829AFF15900BB525A /* goldfishr-uiUITests.xctest */,
			);
			name = Products;
			sourceTree = "<group>";
		};
		4CEA21BA29AFF15700BB525A /* goldfishr-ui */ = {
			isa = PBXGroup;
			children = (
				4CEA21C929AFF15900BB525A /* Info.plist */,
				4C45DCAE2A788F6E007FCE18 /* ContentView.swift */,
				4C45DC862A788CA8007FCE18 /* GoldfishrUI.swift */,
				4CEA21C429AFF15900BB525A /* Assets.xcassets */,
				4C45DC8F2A788D40007FCE18 /* API */,
				4C45DCA52A788E49007FCE18 /* Models */,
				4C45DC882A788CD9007FCE18 /* ViewModel */,
				4C45DC922A788D68007FCE18 /* Views */,
			);
			path = "goldfishr-ui";
			sourceTree = "<group>";
		};
		4CEA21D129AFF15900BB525A /* goldfishr-uiTests */ = {
			isa = PBXGroup;
			children = (
				4CEA21D229AFF15900BB525A /* goldfishr_uiTests.swift */,
			);
			path = "goldfishr-uiTests";
			sourceTree = "<group>";
		};
		4CEA21DB29AFF15900BB525A /* goldfishr-uiUITests */ = {
			isa = PBXGroup;
			children = (
				4CEA21DC29AFF15900BB525A /* goldfishr_uiUITests.swift */,
				4CEA21DE29AFF15900BB525A /* goldfishr_uiUITestsLaunchTests.swift */,
			);
			path = "goldfishr-uiUITests";
			sourceTree = "<group>";
		};
/* End PBXGroup section */

/* Begin PBXNativeTarget section */
		4CEA21B729AFF15700BB525A /* goldfishr-ui */ = {
			isa = PBXNativeTarget;
			buildConfigurationList = 4CEA21E229AFF15900BB525A /* Build configuration list for PBXNativeTarget "goldfishr-ui" */;
			buildPhases = (
				4CEA21B429AFF15700BB525A /* Sources */,
				4CEA21B529AFF15700BB525A /* Frameworks */,
				4CEA21B629AFF15700BB525A /* Resources */,
			);
			buildRules = (
			);
			dependencies = (
			);
			name = "goldfishr-ui";
			productName = "goldfishr-ui";
			productReference = 4CEA21B829AFF15700BB525A /* goldfishr-ui.app */;
			productType = "com.apple.product-type.application";
		};
		4CEA21CD29AFF15900BB525A /* goldfishr-uiTests */ = {
			isa = PBXNativeTarget;
			buildConfigurationList = 4CEA21E529AFF15900BB525A /* Build configuration list for PBXNativeTarget "goldfishr-uiTests" */;
			buildPhases = (
				4CEA21CA29AFF15900BB525A /* Sources */,
				4CEA21CB29AFF15900BB525A /* Frameworks */,
				4CEA21CC29AFF15900BB525A /* Resources */,
			);
			buildRules = (
			);
			dependencies = (
				4CEA21D029AFF15900BB525A /* PBXTargetDependency */,
			);
			name = "goldfishr-uiTests";
			productName = "goldfishr-uiTests";
			productReference = 4CEA21CE29AFF15900BB525A /* goldfishr-uiTests.xctest */;
			productType = "com.apple.product-type.bundle.unit-test";
		};
		4CEA21D729AFF15900BB525A /* goldfishr-uiUITests */ = {
			isa = PBXNativeTarget;
			buildConfigurationList = 4CEA21E829AFF15900BB525A /* Build configuration list for PBXNativeTarget "goldfishr-uiUITests" */;
			buildPhases = (
				4CEA21D429AFF15900BB525A /* Sources */,
				4CEA21D529AFF15900BB525A /* Frameworks */,
				4CEA21D629AFF15900BB525A /* Resources */,
			);
			buildRules = (
			);
			dependencies = (
				4CEA21DA29AFF15900BB525A /* PBXTargetDependency */,
			);
			name = "goldfishr-uiUITests";
			productName = "goldfishr-uiUITests";
			productReference = 4CEA21D829AFF15900BB525A /* goldfishr-uiUITests.xctest */;
			productType = "com.apple.product-type.bundle.ui-testing";
		};
/* End PBXNativeTarget section */

/* Begin PBXProject section */
		4CEA21B029AFF15700BB525A /* Project object */ = {
			isa = PBXProject;
			attributes = {
				BuildIndependentTargetsInParallel = 1;
				LastSwiftUpdateCheck = 1420;
				LastUpgradeCheck = 1420;
				TargetAttributes = {
					4CEA21B729AFF15700BB525A = {
						CreatedOnToolsVersion = 14.2;
					};
					4CEA21CD29AFF15900BB525A = {
						CreatedOnToolsVersion = 14.2;
						TestTargetID = 4CEA21B729AFF15700BB525A;
					};
					4CEA21D729AFF15900BB525A = {
						CreatedOnToolsVersion = 14.2;
						TestTargetID = 4CEA21B729AFF15700BB525A;
					};
				};
			};
			buildConfigurationList = 4CEA21B329AFF15700BB525A /* Build configuration list for PBXProject "goldfishr-ui" */;
			compatibilityVersion = "Xcode 14.0";
			developmentRegion = en;
			hasScannedForEncodings = 0;
			knownRegions = (
				en,
				Base,
			);
			mainGroup = 4CEA21AF29AFF15700BB525A;
			productRefGroup = 4CEA21B929AFF15700BB525A /* Products */;
			projectDirPath = "";
			projectRoot = "";
			targets = (
				4CEA21B729AFF15700BB525A /* goldfishr-ui */,
				4CEA21CD29AFF15900BB525A /* goldfishr-uiTests */,
				4CEA21D729AFF15900BB525A /* goldfishr-uiUITests */,
			);
		};
/* End PBXProject section */

/* Begin PBXResourcesBuildPhase section */
		4CEA21B629AFF15700BB525A /* Resources */ = {
			isa = PBXResourcesBuildPhase;
			buildActionMask = 2147483647;
			files = (
				4C45DCB22A789273007FCE18 /* Preview Assets.xcassets in Resources */,
				4CEA21C529AFF15900BB525A /* Assets.xcassets in Resources */,
			);
			runOnlyForDeploymentPostprocessing = 0;
		};
		4CEA21CC29AFF15900BB525A /* Resources */ = {
			isa = PBXResourcesBuildPhase;
			buildActionMask = 2147483647;
			files = (
			);
			runOnlyForDeploymentPostprocessing = 0;
		};
		4CEA21D629AFF15900BB525A /* Resources */ = {
			isa = PBXResourcesBuildPhase;
			buildActionMask = 2147483647;
			files = (
			);
			runOnlyForDeploymentPostprocessing = 0;
		};
/* End PBXResourcesBuildPhase section */

/* Begin PBXSourcesBuildPhase section */
		4CEA21B429AFF15700BB525A /* Sources */ = {
			isa = PBXSourcesBuildPhase;
			buildActionMask = 2147483647;
			files = (
				4C45DC8E2A788D2D007FCE18 /* ArticleNewsViewModel.swift in Sources */,
				4C45DC982A788DA4007FCE18 /* SafariView.swift in Sources */,
				4C45DCA72A788E58007FCE18 /* Article.swift in Sources */,
				4C45DC962A788D90007FCE18 /* ArticleListView.swift in Sources */,
				4C45DC9E2A788DE5007FCE18 /* RetryView.swift in Sources */,
				4C45DC9A2A788DBA007FCE18 /* NewsTabView.swift in Sources */,
				4C45DC942A788D75007FCE18 /* ArticleRowView.swift in Sources */,
				4C45DCAD2A788E97007FCE18 /* DataStore.swift in Sources */,
				4C45DCA22A788E10007FCE18 /* SearchTabView.swift in Sources */,
				4C45DC9C2A788DD1007FCE18 /* EmptyPlaceHolderView.swift in Sources */,
				4C45DCA92A788E6E007FCE18 /* NewsAPIResponse.swift in Sources */,
				4C45DCAF2A788F6E007FCE18 /* ContentView.swift in Sources */,
				4C45DCAB2A788E81007FCE18 /* Category.swift in Sources */,
				4C45DC872A788CA8007FCE18 /* GoldfishrUI.swift in Sources */,
				4C45DC8A2A788CFE007FCE18 /* ArticleBookmarkViewModel.swift in Sources */,
				4C45DCA42A788E2C007FCE18 /* SearchHistoryListView.swift in Sources */,
				4C45DC8C2A788D15007FCE18 /* ArticleSearchViewModel.swift in Sources */,
				4C45DC912A788D57007FCE18 /* NewsAPI.swift in Sources */,
				4C45DCA02A788DFA007FCE18 /* BookmarkTabView.swift in Sources */,
			);
			runOnlyForDeploymentPostprocessing = 0;
		};
		4CEA21CA29AFF15900BB525A /* Sources */ = {
			isa = PBXSourcesBuildPhase;
			buildActionMask = 2147483647;
			files = (
				4CEA21D329AFF15900BB525A /* goldfishr_uiTests.swift in Sources */,
			);
			runOnlyForDeploymentPostprocessing = 0;
		};
		4CEA21D429AFF15900BB525A /* Sources */ = {
			isa = PBXSourcesBuildPhase;
			buildActionMask = 2147483647;
			files = (
				4CEA21DD29AFF15900BB525A /* goldfishr_uiUITests.swift in Sources */,
				4CEA21DF29AFF15900BB525A /* goldfishr_uiUITestsLaunchTests.swift in Sources */,
			);
			runOnlyForDeploymentPostprocessing = 0;
		};
/* End PBXSourcesBuildPhase section */

/* Begin PBXTargetDependency section */
		4CEA21D029AFF15900BB525A /* PBXTargetDependency */ = {
			isa = PBXTargetDependency;
			target = 4CEA21B729AFF15700BB525A /* goldfishr-ui */;
			targetProxy = 4CEA21CF29AFF15900BB525A /* PBXContainerItemProxy */;
		};
		4CEA21DA29AFF15900BB525A /* PBXTargetDependency */ = {
			isa = PBXTargetDependency;
			target = 4CEA21B729AFF15700BB525A /* goldfishr-ui */;
			targetProxy = 4CEA21D929AFF15900BB525A /* PBXContainerItemProxy */;
		};
/* End PBXTargetDependency section */

/* Begin XCBuildConfiguration section */
		4CEA21E029AFF15900BB525A /* Debug */ = {
			isa = XCBuildConfiguration;
			buildSettings = {
				ALWAYS_SEARCH_USER_PATHS = NO;
				CLANG_ANALYZER_NONNULL = YES;
				CLANG_ANALYZER_NUMBER_OBJECT_CONVERSION = YES_AGGRESSIVE;
				CLANG_CXX_LANGUAGE_STANDARD = "gnu++14";
				CLANG_CXX_LIBRARY = "libc++";
				CLANG_ENABLE_MODULES = YES;
				CLANG_ENABLE_OBJC_ARC = YES;
				CLANG_ENABLE_OBJC_WEAK = YES;
				CLANG_WARN_BLOCK_CAPTURE_AUTORELEASING = YES;
				CLANG_WARN_BOOL_CONVERSION = YES;
				CLANG_WARN_COMMA = YES;
				CLANG_WARN_CONSTANT_CONVERSION = YES;
				CLANG_WARN_DEPRECATED_OBJC_IMPLEMENTATIONS = YES;
				CLANG_WARN_DIRECT_OBJC_ISA_USAGE = YES_ERROR;
				CLANG_WARN_DOCUMENTATION_COMMENTS = YES;
				CLANG_WARN_EMPTY_BODY = YES;
				CLANG_WARN_ENUM_CONVERSION = YES;
				CLANG_WARN_INFINITE_RECURSION = YES;
				CLANG_WARN_INT_CONVERSION = YES;
				CLANG_WARN_NON_LITERAL_NULL_CONVERSION = YES;
				CLANG_WARN_OBJC_IMPLICIT_RETAIN_SELF = YES;
				CLANG_WARN_OBJC_LITERAL_CONVERSION = YES;
				CLANG_WARN_OBJC_ROOT_CLASS = YES_ERROR;
				CLANG_WARN_QUOTED_INCLUDE_IN_FRAMEWORK_HEADER = YES;
				CLANG_WARN_RANGE_LOOP_ANALYSIS = YES;
				CLANG_WARN_STRICT_PROTOTYPES = YES;
				CLANG_WARN_SUSPICIOUS_MOVE = YES;
				CLANG_WARN_UNGUARDED_AVAILABILITY = YES_AGGRESSIVE;
				CLANG_WARN_UNREACHABLE_CODE = YES;
				CLANG_WARN__DUPLICATE_METHOD_MATCH = YES;
				COPY_PHASE_STRIP = NO;
				DEBUG_INFORMATION_FORMAT = dwarf;
				ENABLE_STRICT_OBJC_MSGSEND = YES;
				ENABLE_TESTABILITY = YES;
				GCC_C_LANGUAGE_STANDARD = gnu11;
				GCC_DYNAMIC_NO_PIC = NO;
				GCC_NO_COMMON_BLOCKS = YES;
				GCC_OPTIMIZATION_LEVEL = 0;
				GCC_PREPROCESSOR_DEFINITIONS = (
					"DEBUG=1",
					"$(inherited)",
				);
				GCC_WARN_64_TO_32_BIT_CONVERSION = YES;
				GCC_WARN_ABOUT_RETURN_TYPE = YES_ERROR;
				GCC_WARN_UNDECLARED_SELECTOR = YES;
				GCC_WARN_UNINITIALIZED_AUTOS = YES_AGGRESSIVE;
				GCC_WARN_UNUSED_FUNCTION = YES;
				GCC_WARN_UNUSED_VARIABLE = YES;
				IPHONEOS_DEPLOYMENT_TARGET = 15.0;
				MTL_ENABLE_DEBUG_INFO = INCLUDE_SOURCE;
				MTL_FAST_MATH = YES;
				ONLY_ACTIVE_ARCH = YES;
				SDKROOT = iphoneos;
				SWIFT_ACTIVE_COMPILATION_CONDITIONS = DEBUG;
				SWIFT_OPTIMIZATION_LEVEL = "-Onone";
			};
			name = Debug;
		};
		4CEA21E129AFF15900BB525A /* Release */ = {
			isa = XCBuildConfiguration;
			buildSettings = {
				ALWAYS_SEARCH_USER_PATHS = NO;
				CLANG_ANALYZER_NONNULL = YES;
				CLANG_ANALYZER_NUMBER_OBJECT_CONVERSION = YES_AGGRESSIVE;
				CLANG_CXX_LANGUAGE_STANDARD = "gnu++14";
				CLANG_CXX_LIBRARY = "libc++";
				CLANG_ENABLE_MODULES = YES;
				CLANG_ENABLE_OBJC_ARC = YES;
				CLANG_ENABLE_OBJC_WEAK = YES;
				CLANG_WARN_BLOCK_CAPTURE_AUTORELEASING = YES;
				CLANG_WARN_BOOL_CONVERSION = YES;
				CLANG_WARN_COMMA = YES;
				CLANG_WARN_CONSTANT_CONVERSION = YES;
				CLANG_WARN_DEPRECATED_OBJC_IMPLEMENTATIONS = YES;
				CLANG_WARN_DIRECT_OBJC_ISA_USAGE = YES_ERROR;
				CLANG_WARN_DOCUMENTATION_COMMENTS = YES;
				CLANG_WARN_EMPTY_BODY = YES;
				CLANG_WARN_ENUM_CONVERSION = YES;
				CLANG_WARN_INFINITE_RECURSION = YES;
				CLANG_WARN_INT_CONVERSION = YES;
				CLANG_WARN_NON_LITERAL_NULL_CONVERSION = YES;
				CLANG_WARN_OBJC_IMPLICIT_RETAIN_SELF = YES;
				CLANG_WARN_OBJC_LITERAL_CONVERSION = YES;
				CLANG_WARN_OBJC_ROOT_CLASS = YES_ERROR;
				CLANG_WARN_QUOTED_INCLUDE_IN_FRAMEWORK_HEADER = YES;
				CLANG_WARN_RANGE_LOOP_ANALYSIS = YES;
				CLANG_WARN_STRICT_PROTOTYPES = YES;
				CLANG_WARN_SUSPICIOUS_MOVE = YES;
				CLANG_WARN_UNGUARDED_AVAILABILITY = YES_AGGRESSIVE;
				CLANG_WARN_UNREACHABLE_CODE = YES;
				CLANG_WARN__DUPLICATE_METHOD_MATCH = YES;
				COPY_PHASE_STRIP = NO;
				DEBUG_INFORMATION_FORMAT = "dwarf-with-dsym";
				ENABLE_NS_ASSERTIONS = NO;
				ENABLE_STRICT_OBJC_MSGSEND = YES;
				GCC_C_LANGUAGE_STANDARD = gnu11;
				GCC_NO_COMMON_BLOCKS = YES;
				GCC_WARN_64_TO_32_BIT_CONVERSION = YES;
				GCC_WARN_ABOUT_RETURN_TYPE = YES_ERROR;
				GCC_WARN_UNDECLARED_SELECTOR = YES;
				GCC_WARN_UNINITIALIZED_AUTOS = YES_AGGRESSIVE;
				GCC_WARN_UNUSED_FUNCTION = YES;
				GCC_WARN_UNUSED_VARIABLE = YES;
				IPHONEOS_DEPLOYMENT_TARGET = 15.0;
				MTL_ENABLE_DEBUG_INFO = NO;
				MTL_FAST_MATH = YES;
				SDKROOT = iphoneos;
				SWIFT_COMPILATION_MODE = wholemodule;
				SWIFT_OPTIMIZATION_LEVEL = "-O";
				VALIDATE_PRODUCT = YES;
			};
			name = Release;
		};
		4CEA21E329AFF15900BB525A /* Debug */ = {
			isa = XCBuildConfiguration;
			buildSettings = {
				ASSETCATALOG_COMPILER_APPICON_NAME = AppIcon;
				ASSETCATALOG_COMPILER_GLOBAL_ACCENT_COLOR_NAME = AccentColor;
				CODE_SIGN_STYLE = Automatic;
				CURRENT_PROJECT_VERSION = 1;
				DEVELOPMENT_ASSET_PATHS = "\"Preview Content\"";
				DEVELOPMENT_TEAM = 94678253C9;
				ENABLE_PREVIEWS = YES;
				GENERATE_INFOPLIST_FILE = YES;
				INFOPLIST_FILE = "goldfishr-ui/Info.plist";
				INFOPLIST_KEY_CFBundleDisplayName = goldfishr;
				INFOPLIST_KEY_CFBundleExecutable = "goldfishr-ui";
				INFOPLIST_KEY_CFBundleName = "goldfishr-ui";
				INFOPLIST_KEY_CFBundleVersion = 1;
				INFOPLIST_KEY_UIApplicationSceneManifest_Generation = YES;
				INFOPLIST_KEY_UIApplicationSupportsIndirectInputEvents = YES;
				INFOPLIST_KEY_UILaunchScreen_Generation = YES;
				INFOPLIST_KEY_UISupportedInterfaceOrientations_iPad = "UIInterfaceOrientationPortrait UIInterfaceOrientationPortraitUpsideDown UIInterfaceOrientationLandscapeLeft UIInterfaceOrientationLandscapeRight";
				INFOPLIST_KEY_UISupportedInterfaceOrientations_iPhone = "UIInterfaceOrientationPortrait UIInterfaceOrientationLandscapeLeft UIInterfaceOrientationLandscapeRight";
				IPHONEOS_DEPLOYMENT_TARGET = 15.0;
				LD_RUNPATH_SEARCH_PATHS = (
					"$(inherited)",
					"@executable_path/Frameworks",
				);
				MARKETING_VERSION = 1.0;
				PRODUCT_BUNDLE_IDENTIFIER = "com.dunia.goldfishr-ui";
				PRODUCT_NAME = "$(TARGET_NAME)";
				SWIFT_EMIT_LOC_STRINGS = YES;
				SWIFT_VERSION = 5.0;
				TARGETED_DEVICE_FAMILY = "1,2";
			};
			name = Debug;
		};
		4CEA21E429AFF15900BB525A /* Release */ = {
			isa = XCBuildConfiguration;
			buildSettings = {
				ASSETCATALOG_COMPILER_APPICON_NAME = AppIcon;
				ASSETCATALOG_COMPILER_GLOBAL_ACCENT_COLOR_NAME = AccentColor;
				CODE_SIGN_STYLE = Automatic;
				CURRENT_PROJECT_VERSION = 1;
				DEVELOPMENT_ASSET_PATHS = "\"Preview Content\"";
				DEVELOPMENT_TEAM = 94678253C9;
				ENABLE_PREVIEWS = YES;
				GENERATE_INFOPLIST_FILE = YES;
				INFOPLIST_FILE = "goldfishr-ui/Info.plist";
				INFOPLIST_KEY_CFBundleDisplayName = goldfishr;
				INFOPLIST_KEY_CFBundleExecutable = "goldfishr-ui";
				INFOPLIST_KEY_CFBundleName = "com.dunia.goldfishr-ui";
				INFOPLIST_KEY_CFBundleVersion = 1;
				INFOPLIST_KEY_UIApplicationSceneManifest_Generation = YES;
				INFOPLIST_KEY_UIApplicationSupportsIndirectInputEvents = YES;
				INFOPLIST_KEY_UILaunchScreen_Generation = YES;
				INFOPLIST_KEY_UISupportedInterfaceOrientations_iPad = "UIInterfaceOrientationPortrait UIInterfaceOrientationPortraitUpsideDown UIInterfaceOrientationLandscapeLeft UIInterfaceOrientationLandscapeRight";
				INFOPLIST_KEY_UISupportedInterfaceOrientations_iPhone = "UIInterfaceOrientationPortrait UIInterfaceOrientationLandscapeLeft UIInterfaceOrientationLandscapeRight";
				IPHONEOS_DEPLOYMENT_TARGET = 15.0;
				LD_RUNPATH_SEARCH_PATHS = (
					"$(inherited)",
					"@executable_path/Frameworks",
				);
				MARKETING_VERSION = 1.0;
				PRODUCT_BUNDLE_IDENTIFIER = "com.dunia.goldfishr-ui";
				PRODUCT_NAME = "$(TARGET_NAME)";
				SWIFT_EMIT_LOC_STRINGS = YES;
				SWIFT_VERSION = 5.0;
				TARGETED_DEVICE_FAMILY = "1,2";
			};
			name = Release;
		};
		4CEA21E629AFF15900BB525A /* Debug */ = {
			isa = XCBuildConfiguration;
			buildSettings = {
				ALWAYS_EMBED_SWIFT_STANDARD_LIBRARIES = YES;
				BUNDLE_LOADER = "$(TEST_HOST)";
				CODE_SIGN_STYLE = Automatic;
				CURRENT_PROJECT_VERSION = 1;
				DEVELOPMENT_TEAM = 94678253C9;
				GENERATE_INFOPLIST_FILE = YES;
				IPHONEOS_DEPLOYMENT_TARGET = 16.2;
				MARKETING_VERSION = 1.0;
				PRODUCT_BUNDLE_IDENTIFIER = "com.dunia.goldfishr-uiTests";
				PRODUCT_NAME = "$(TARGET_NAME)";
				SWIFT_EMIT_LOC_STRINGS = NO;
				SWIFT_VERSION = 5.0;
				TARGETED_DEVICE_FAMILY = "1,2";
				TEST_HOST = "$(BUILT_PRODUCTS_DIR)/goldfishr-ui.app/$(BUNDLE_EXECUTABLE_FOLDER_PATH)/goldfishr-ui";
			};
			name = Debug;
		};
		4CEA21E729AFF15900BB525A /* Release */ = {
			isa = XCBuildConfiguration;
			buildSettings = {
				ALWAYS_EMBED_SWIFT_STANDARD_LIBRARIES = YES;
				BUNDLE_LOADER = "$(TEST_HOST)";
				CODE_SIGN_STYLE = Automatic;
				CURRENT_PROJECT_VERSION = 1;
				DEVELOPMENT_TEAM = 94678253C9;
				GENERATE_INFOPLIST_FILE = YES;
				IPHONEOS_DEPLOYMENT_TARGET = 16.2;
				MARKETING_VERSION = 1.0;
				PRODUCT_BUNDLE_IDENTIFIER = "com.dunia.goldfishr-uiTests";
				PRODUCT_NAME = "$(TARGET_NAME)";
				SWIFT_EMIT_LOC_STRINGS = NO;
				SWIFT_VERSION = 5.0;
				TARGETED_DEVICE_FAMILY = "1,2";
				TEST_HOST = "$(BUILT_PRODUCTS_DIR)/goldfishr-ui.app/$(BUNDLE_EXECUTABLE_FOLDER_PATH)/goldfishr-ui";
			};
			name = Release;
		};
		4CEA21E929AFF15900BB525A /* Debug */ = {
			isa = XCBuildConfiguration;
			buildSettings = {
				ALWAYS_EMBED_SWIFT_STANDARD_LIBRARIES = YES;
				CODE_SIGN_STYLE = Automatic;
				CURRENT_PROJECT_VERSION = 1;
				DEVELOPMENT_TEAM = 94678253C9;
				GENERATE_INFOPLIST_FILE = YES;
				MARKETING_VERSION = 1.0;
				PRODUCT_BUNDLE_IDENTIFIER = "com.dunia.goldfishr-uiUITests";
				PRODUCT_NAME = "$(TARGET_NAME)";
				SWIFT_EMIT_LOC_STRINGS = NO;
				SWIFT_VERSION = 5.0;
				TARGETED_DEVICE_FAMILY = "1,2";
				TEST_TARGET_NAME = "goldfishr-ui";
			};
			name = Debug;
		};
		4CEA21EA29AFF15900BB525A /* Release */ = {
			isa = XCBuildConfiguration;
			buildSettings = {
				ALWAYS_EMBED_SWIFT_STANDARD_LIBRARIES = YES;
				CODE_SIGN_STYLE = Automatic;
				CURRENT_PROJECT_VERSION = 1;
				DEVELOPMENT_TEAM = 94678253C9;
				GENERATE_INFOPLIST_FILE = YES;
				MARKETING_VERSION = 1.0;
				PRODUCT_BUNDLE_IDENTIFIER = "com.dunia.goldfishr-uiUITests";
				PRODUCT_NAME = "$(TARGET_NAME)";
				SWIFT_EMIT_LOC_STRINGS = NO;
				SWIFT_VERSION = 5.0;
				TARGETED_DEVICE_FAMILY = "1,2";
				TEST_TARGET_NAME = "goldfishr-ui";
			};
			name = Release;
		};
/* End XCBuildConfiguration section */

/* Begin XCConfigurationList section */
		4CEA21B329AFF15700BB525A /* Build configuration list for PBXProject "goldfishr-ui" */ = {
			isa = XCConfigurationList;
			buildConfigurations = (
				4CEA21E029AFF15900BB525A /* Debug */,
				4CEA21E129AFF15900BB525A /* Release */,
			);
			defaultConfigurationIsVisible = 0;
			defaultConfigurationName = Release;
		};
		4CEA21E229AFF15900BB525A /* Build configuration list for PBXNativeTarget "goldfishr-ui" */ = {
			isa = XCConfigurationList;
			buildConfigurations = (
				4CEA21E329AFF15900BB525A /* Debug */,
				4CEA21E429AFF15900BB525A /* Release */,
			);
			defaultConfigurationIsVisible = 0;
			defaultConfigurationName = Release;
		};
		4CEA21E529AFF15900BB525A /* Build configuration list for PBXNativeTarget "goldfishr-uiTests" */ = {
			isa = XCConfigurationList;
			buildConfigurations = (
				4CEA21E629AFF15900BB525A /* Debug */,
				4CEA21E729AFF15900BB525A /* Release */,
			);
			defaultConfigurationIsVisible = 0;
			defaultConfigurationName = Release;
		};
		4CEA21E829AFF15900BB525A /* Build configuration list for PBXNativeTarget "goldfishr-uiUITests" */ = {
			isa = XCConfigurationList;
			buildConfigurations = (
				4CEA21E929AFF15900BB525A /* Debug */,
				4CEA21EA29AFF15900BB525A /* Release */,
			);
			defaultConfigurationIsVisible = 0;
			defaultConfigurationName = Release;
		};
/* End XCConfigurationList section */
	};
	rootObject = 4CEA21B029AFF15700BB525A /* Project object */;
}
